
Microsoft Visual Studio Solution File, Format Version 12.00
# Visual Studio Version 17
VisualStudioVersion = 17.1.32210.238
MinimumVisualStudioVersion = 10.0.40219.1
Project("{FAE04EC0-301F-11D3-BF4B-00C04F79EFBC}") = "SRNY", "SRNY\SRNY.csproj", "{26DDBF83-4E96-4A33-8135-95DF37E13AD1}"
EndProject
Global
	GlobalSection(SolutionConfigurationPlatforms) = preSolution
		Debug|Any CPU = Debug|Any CPU
		Release|Any CPU = Release|Any CPU
	EndGlobalSection
	GlobalSection(ProjectConfigurationPlatforms) = postSolution
		{26DDBF83-4E96-4A33-8135-95DF37E13AD1}.Debug|Any CPU.ActiveCfg = Debug|Any CPU
		{26DDBF83-4E96-4A33-8135-95DF37E13AD1}.Debug|Any CPU.Build.0 = Debug|Any CPU
		{26DDBF83-4E96-4A33-8135-95DF37E13AD1}.Release|Any CPU.ActiveCfg = Release|Any CPU
		{26DDBF83-4E96-4A33-8135-95DF37E13AD1}.Release|Any CPU.Build.0 = Release|Any CPU
	EndGlobalSection
	GlobalSection(SolutionProperties) = preSolution
		HideSolutionNode = FALSE
	EndGlobalSection
	GlobalSection(ExtensibilityGlobals) = postSolution
		SolutionGuid = {6FF0E8C8-7745-4986-AE3B-0124117CC0D4}
	EndGlobalSection
EndGlobal
